github.com/Testbed-IAC/fabric-orchestrator-go-client v0.1.0 h1:q9mhV8VyP7zUlqNScAxoqwQZjoSQxRNBXXgOenxayZo=
github.com/Testbed-IAC/fabric-orchestrator-go-client v0.1.0/go.mod h1:oCjBKYBp5FUs08254Z6wDe9i+94wIW4Vg4HshAwbpVI=
github.com/google/uuid v1.6.0 h1:NIvaJDMOsjHA8n1jAhLSgzrAzy1Hgr+hNrb57e+94F0=
github.com/google/uuid v1.6.0/go.mod h1:TIyPZe4MgqvfeYDBFedMoGGpEw/LqOeaOT+nhxU+yHo=
